dtcwt==0.14.0 \
    --hash=sha256:4d8c4f11794a4127bfd2c7b109ca7c52d321dc9d028e19e4a881384283c43ef9
    # via -r requirements-gpu.txt
exceptiongroup==1.3.1 \
    --hash=sha256:8b412432c6055b0b7d14c310000ae93352ed6754f70fa8f7c34141f91c4e3219 \
    --hash=sha256:a7a39a3bd276781e98394987d3a5701d0c4edffb633bb7a5144577f82c773598
    # via pytest
iniconfig==2.3.0 \
    --hash=sha256:c76315c77db068650d49c5b56314774a7804df16fee4402c1f19d6d15d8c4730 \
    --hash=sha256:f631c04d2c48c52b84d0d0549c99ff3859c98df65b3101406327ecc7d53fbf12
    # via pytest
numpy==1.26.4 \
    --hash=sha256:03a8c78d01d9781b28a6989f6fa1bb2c4f2d51201cf99d3dd875df6fbd96b23b \
    --hash=sha256:08beddf13648eb95f8d867350f6a018a4be2e5ad54c8d8caed89ebca558b2818 \
    --hash=sha256:1af303d6b2210eb850fcf03064d364652b7120803a0b872f5211f5234b399f20 \
    --hash=sha256:1dda2e7b4ec9dd512f84935c5f126c8bd8b9f2fc001e9f54af255e8c5f16b0e0 \
    --hash=sha256:2a02aba9ed12e4ac4eb3ea9421c420301a0c6460d9830d74a9df87efa4912010 \
    --hash=sha256:2e4ee3380d6de9c9ec04745830fd9e2eccb3e6cf790d39d7b98ffd19b0dd754a \
    --hash=sha256:3373d5d70a5fe74a2c1bb6d2cfd9609ecf686d47a2d7b1d37a8f3b6bf6003aea \
    --hash=sha256:47711010ad8555514b434df65f7d7b076bb8261df1ca9bb78f53d3b2db02e95c \
    --hash=sha256:4c66707fabe114439db9068ee468c26bbdf909cac0fb58686a42a24de1760c71 \
    --hash=sha256:50193e430acfc1346175fcbdaa28ffec49947a06918b7b92130744e81e640110 \
    --hash=sha256:52b8b60467cd7dd1e9ed082188b4e6bb35aa5cdd01777621a1658910745b90be \
    --hash=sha256:60dedbb91afcbfdc9bc0b1f3f402804070deed7392c23eb7a7f07fa857868e8a \
    --hash=sha256:62b8e4b1e28009ef2846b4c7852046736bab361f7aeadeb6a5b89ebec3c7055a \
    --hash=sha256:666dbfb6ec68962c033a450943ded891bed2d54e6755e35e5835d63f4f6931d5 \
    --hash=sha256:675d61ffbfa78604709862923189bad94014bef562cc35cf61d3a07bba02a7ed \
    --hash=sha256:679b0076f67ecc0138fd2ede3a8fd196dddc2ad3254069bcb9faf9a79b1cebcd \
    --hash=sha256:7349ab0fa0c429c82442a27a9673fc802ffdb7c7775fad780226cb234965e53c \
    --hash=sha256:7ab55401287bfec946ced39700c053796e7cc0e3acbef09993a9ad2adba6ca6e \
    --hash=sha256:7e50d0a0cc3189f9cb0aeb3a6a6af18c16f59f004b866cd2be1c14b36134a4a0 \
    --hash=sha256:95a7476c59002f2f6c590b9b7b998306fba6a5aa646b1e22ddfeaf8f78c3a29c \
    --hash=sha256:96ff0b2ad353d8f990b63294c8986f1ec3cb19d749234014f4e7eb0112ceba5a \
    --hash=sha256:9fad7dcb1aac3c7f0584a5a8133e3a43eeb2fe127f47e3632d43d677c66c102b \
    --hash=sha256:9ff0f4f29c51e2803569d7a51c2304de5554655a60c5d776e35b4a41413830d0 \
    --hash=sha256:a354325ee03388678242a4d7ebcd08b5c727033fcff3b2f536aea978e15ee9e6 \
    --hash=sha256:a4abb4f9001ad2858e7ac189089c42178fcce737e4169dc61321660f1a96c7d2 \
    --hash=sha256:ab47dbe5cc8210f55aa58e4805fe224dac469cde56b9f731a4c098b91917159a \
    --hash=sha256:afedb719a9dcfc7eaf2287b839d8198e06dcd4cb5d276a3df279231138e83d30 \
    --hash=sha256:b3ce300f3644fb06443ee2222c2201dd3a89ea6040541412b8fa189341847218 \
    --hash=sha256:b97fe8060236edf3662adfc2c633f56a08ae30560c56310562cb4f95500022d5 \
    --hash=sha256:bfe25acf8b437eb2a8b2d49d443800a5f18508cd811fea3181723922a8a82b07 \
    --hash=sha256:cd25bcecc4974d09257ffcd1f098ee778f7834c3ad767fe5db785be9a4aa9cb2 \
    --hash=sha256:d209d8969599b27ad20994c8e41936ee0964e6da07478d6c35016bc386b66ad4 \
    --hash=sha256:d5241e0a80d808d70546c697135da2c613f30e28251ff8307eb72ba696945764 \
    --hash=sha256:edd8b5fe47dab091176d21bb6de568acdd906d1887a4584a15a9a96a1dca06ef \
    --hash=sha256:f870204a840a60da0b12273ef34f7051e98c3b5961b61b0c2c1be6dfd64fbcd3 \
    --hash=sha256:ffa75af20b44f8dba823498024771d5ac50620e6915abac414251bd971b4529f
    # via
    #   -r requirements-gpu.txt
    #   dtcwt
    #   opencv-python-headless
    #   pywavelets
    #   scipy
opencv-python-headless==4.11.0.86 \
    --hash=sha256:0e0a27c19dd1f40ddff94976cfe43066fbbe9dfbb2ec1907d66c19caef42a57b \
    --hash=sha256:48128188ade4a7e517237c8e1e11a9cdf5c282761473383e77beb875bb1e61ca \
    --hash=sha256:6c304df9caa7a6a5710b91709dd4786bf20a74d57672b3c31f7033cc638174ca \
    --hash=sha256:6efabcaa9df731f29e5ea9051776715b1bdd1845d7c9530065c7951d2a2899eb \
    --hash=sha256:996eb282ca4b43ec6a3972414de0e2331f5d9cda2b41091a49739c19fb843798 \
    --hash=sha256:a66c1b286a9de872c343ee7c3553b084244299714ebb50fbdcd76f07ebbe6c81 \
    --hash=sha256:f447d8acbb0b6f2808da71fddd29c1cdd448d2bc98f72d9bb78a7a898fc9621b
    # via -r requirements-gpu.txt
packaging==26.3 \
    --hash=sha256:94edc256424af38762eb31306eed28beb9f0efc50a8837492c9d6fd6004aed79 \
    --hash=sha256:d7193f7c8e4e93f444fde0262bf90af30e16fa0ad0ad44cb553c87339b23cd1c
    # via pytest
pluggy==1.6.0 \
    --hash=sha256:7dcc130b76258d33b90f61b658791dede3486c3e6bfb003ee5c9bfb396dd22f3 \
    --hash=sha256:e920276dd6813095e9377c0bc5566d94c932c33b27a3e3945d8389c374dd4746
    # via pytest
pygments==2.21.0 \
    --hash=sha256:2363c69b61c4a97c838da3b130dcd6468f4848992b21a82f2a63ec34377137d9 \
    --hash=sha256:610ca751c9bc2492b38eb9a38a7fbc93edbbb2d7182edaf34e66ae493dee5c8c
    # via pytest
pytest==8.4.2 \
    --hash=sha256:86c0d0b93306b961d58d62a4db4879f27fe25513d4b969df351abdddb3c30e01 \
    --hash=sha256:872f880de3fc3a5bdc88a11b39c9710c3497a547cfa9320bc3c5e62fbf272e79
    # via -r requirements-dev.txt
pywavelets==1.8.0 \
    --hash=sha256:06786201a91b5e74540f4f3c115c49a29190de2eb424823abbd3a1fd75ea3e28 \
    --hash=sha256:1c1aad0b97714e3079a2bfe48e4fb8ccd60778d0427e9ee5e0a9ff922e6c61e4 \
    --hash=sha256:24bb282bab09349d9d128ed0536fa50fff5c2147891971a69c2c36155dfeeeac \
    --hash=sha256:2c6b359b55d713ef683e9da1529181b865a80d759881ceb9adc1c5742e4da4d8 \
    --hash=sha256:2e1c79784bebeafd3715c1bea6621daa2e2e6ed37b687719322e2078fb35bb70 \
    --hash=sha256:31baf4be6940fde72cc85663154360857ac1b93c251822deaf72bb804da95031 \
    --hash=sha256:3814d354dd109e244ffaac3d480d29a5202212fe24570c920268237c8d276f95 \
    --hash=sha256:3f431c9e2aff1a2240765eff5e804975d0fcc24c82d6f3d4271243f228e5963b \
    --hash=sha256:426ff3799446cb4da1db04c2084e6e58edfe24225596805665fd39c14f53dece \
    --hash=sha256:441ba45c8dff8c6916dbe706958d0d7f91da675695ca0c0d75e483f6f52d0a12 \
    --hash=sha256:4b3c2ab669c91e3474fd63294355487b7dd23f0b51d32f811327ddf3546f4f3d \
    --hash=sha256:4b43a4c58707b1e8d941bec7f1d83e67c482278575ff0db3189d5c0dfae23a57 \
    --hash=sha256:4dbebcfd55ea8a85b7fc8802d411e75337170422abf6e96019d7e46c394e80e5 \
    --hash=sha256:560c39f1ff8cb37f8b8ea4b7b6eb8a14f6926c11f5cf8c09f013a58f895ed5bc \
    --hash=sha256:63f67fa2ee1610445de64f746fb9c1df31980ad13d896ea2331fc3755f49b3ae \
    --hash=sha256:649936baee933e80083788e0adc4d8bc2da7cdd8b10464d3b113475be2cc5308 \
    --hash=sha256:7f489380c95013cc8fb3ef338f6d8c1a907125db453cc4dc739e2cca06fcd8b6 \
    --hash=sha256:810a23a631da596fef7196ddec49b345b1aab13525bb58547eeebe1769edbbc1 \
    --hash=sha256:880a0197e9fa108939af50a95e97c1bf9b7d3e148e0fad92ea60a9ed8c8947c0 \
    --hash=sha256:8bfa833d08b60d0bf53a7939fbbf3d98015dd34efe89cbe4e53ced880d085fc1 \
    --hash=sha256:8c68e9d072c536bc646e8bdce443bb1826eeb9aa21b2cb2479a43954dea692a3 \
    --hash=sha256:8d8abaf7c120b151ef309c9ff57e0a44ba9febf49045056dbc1577526ecec6c8 \
    --hash=sha256:a0e1db96dcf3ce08156859df8b359e9ff66fa15061a1b90e70e020bf4cd077a0 \
    --hash=sha256:aa0607a9c085b8285bc0d04e33d461a6c80f8c325389221ffb1a45141861138e \
    --hash=sha256:bf327528d10de471b04bb725c4e10677fac5a49e13d41bf0d0b3a1f6d7097abf \
    --hash=sha256:cae701117f5c7244b7c8d48b9e92a0289637cdc02a9c205e8be83361f0c11fae \
    --hash=sha256:d31c36a39110e8fcc7b1a4a11cfed7d22b610c285d3e7f4fe73ec777aa49fa39 \
    --hash=sha256:dec23dfe6d5a3f4312b12456b8c546aa90a11c1138e425a885987505f0658ae0 \
    --hash=sha256:e10c3fc7f4a796e94da4bca9871be2186a7bb7a3b3536a0ca9376d84263140f0 \
    --hash=sha256:e39b0e2314e928cb850ee89b9042733a10ea044176a495a54dc84d2c98407a51 \
    --hash=sha256:e62c8fb52ab0e8ff212fff9acae681a8f12d68b76c36fe24cc48809d5b6825ba \
    --hash=sha256:e8dd5be4faed994581a8a4b3c0169be20567a9346e523f0b57f903c8f6722bce \
    --hash=sha256:ec5d723c3335ff8aa630fd4b14097077f12cc02893c91cafd60dd7b1730e780f \
    --hash=sha256:f2877fb7b58c94211257dcf364b204d6ed259146fc87d5a90bf9d93c97af6226 \
    --hash=sha256:f3800245754840adc143cbc29534a1b8fc4b8cff6e9d403326bd52b7bb5c35aa \
    --hash=sha256:f5c86fcb203c8e61d1f3d4afbfc08d626c64e4e3708207315577264c724632bf \
    --hash=sha256:fa7c68ed1e5bab23b1bafe60ccbcf709b878652d03de59e961baefa5210fcd0a \
    --hash=sha256:fafb5fa126277e1690c3d6329287122fc08e4d25a262ce126e3d81b1f5709308
    # via -r requirements-gpu.txt
ruff==0.16.9 \
    --hash=sha256:0e1dbc2073624dee6618d41d0098690a7244654af746704b64759e12b6b6b385 \
    --hash=sha256:12b625c6cfba78d285d9f48eda5f053374f1e53cb10ef17342a383750db99161 \
    --hash=sha256:1632eb1d6197f33bd00b1acbc5b71009e89a8895c158e2d2b03a834fac964ab6 \
    --hash=sha256:41e3870277694177429b56406d65dfbdb2c2802c52b715edaf6a0b829c69d4ee \
    --hash=sha256:447fc07e1573afff7cb02803462b12b6c8ece7cf10e2cd78565fa6d7a1c0bf8d \
    --hash=sha256:4684dded7db60aa57cb118fa158630f5feade4af5782903b6053484bdf9bd129 \
    --hash=sha256:6bd40fec8cd4c8a3d4dd589bd8ad4e6320c13c29234159bfd959a40d529d597b \
    --hash=sha256:7baa24ef5fc8e77aa93879e1d3f43754a01ae488e869f1ae30cf431afd4d2452 \
    --hash=sha256:8a3e039a6a40ed976c491722b60e0ae4a4aa1a86057f540ee7a37a5d19ae9120 \
    --hash=sha256:8adbe4e58af167f767d7b2ba5e83c42e878350796cf78c2f5e14ab9903a92588 \
    --hash=sha256:95e6f022090368ab3b824c36276839c53b2adf1a3f4c09fefc33dfc400f6da96 \
    --hash=sha256:a21713e629d3e5bdb2f5c2def1cc7f04f47fa8e1a7eb0571b4a28e1da64bc728 \
    --hash=sha256:a41aac6230aadfaa133bdfa1614488531ffa3e0837567ae04c0da2058a9c0f9e \
    --hash=sha256:a5f27be168556594a86d2f415db0cf43f5291917849318f873c7e2791f7a8c67 \
    --hash=sha256:b3f951b14d865d5952c89d40a5ca07e87abe24fa5453299878411e127748fb1c \
    --hash=sha256:c2529fb5896d49115b0e9aa8f887490b34bbe76baf879ec2264ac59406869ce7 \
    --hash=sha256:d29c934357e45642fda2f34c0b1f4025b4a6c01e15e4bf0016879d60078a142c \
    --hash=sha256:ed1a252039200f57a59eebc063b54beabea67bfbaaca0eeaa7f54b5fbcda2284
    # via -r requirements-dev.txt
scipy==1.15.3 \
    --hash=sha256:05dc6abcd105e1a29f95eada46d4a3f251743cfd7d3ae8ddb4088047f24ea477 \
    --hash=sha256:06efcba926324df1696931a57a176c80848ccd67ce6ad020c810736bfd58eb1c \
    --hash=sha256:0a769105537aa07a69468a0eefcd121be52006db61cdd8cac8a0e68980bbb723 \
    --hash=sha256:0bdd905264c0c9cfa74a4772cdb2070171790381a5c4d312c973382fc6eaf730 \
    --hash=sha256:0ff17c0bb1cb32952c09217d8d1eed9b53d1463e5f1dd6052c7857f83127d539 \
    --hash=sha256:14ed70039d182f411ffc74789a16df3835e05dc469b898233a245cdfd7f162cb \
    --hash=sha256:185cd3d6d05ca4b44a8f1595af87f9c372bb6acf9c808e99aa3e9aa03bd98cf6 \
    --hash=sha256:18aaacb735ab38b38db42cb01f6b92a2d0d4b6aabefeb07f02849e47f8fb3594 \
    --hash=sha256:1c832e1bd78dea67d5c16f786681b28dd695a8cb1fb90af2e27580d3d0967e92 \
    --hash=sha256:263961f658ce2165bbd7b99fa5135195c3a12d9bef045345016b8b50c315cb82 \
    --hash=sha256:271e3713e645149ea5ea3e97b57fdab61ce61333f97cfae392c28ba786f9bb49 \
    --hash=sha256:2c620736bcc334782e24d173c0fdbb7590a0a436d2fdf39310a8902505008759 \
    --hash=sha256:34716e281f181a02341ddeaad584205bd2fd3c242063bd3423d61ac259ca7eba \
    --hash=sha256:39cb9c62e471b1bb3750066ecc3a3f3052b37751c7c3dfd0fd7e48900ed52982 \
    --hash=sha256:3ac07623267feb3ae308487c260ac684b32ea35fd81e12845039952f558047b8 \
    --hash=sha256:3b0334816afb8b91dab859281b1b9786934392aa3d527cd847e41bb6f45bee65 \
    --hash=sha256:40e54d5c7e7ebf1aa596c374c49fa3135f04648a0caabcb66c52884b943f02b4 \
    --hash=sha256:50f9e62461c95d933d5c5ef4a1f2ebf9a2b4e83b0db374cb3f1de104d935922e \
    --hash=sha256:52092bc0472cfd17df49ff17e70624345efece4e1a12b23783a1ac59a1b728ed \
    --hash=sha256:5380741e53df2c566f4d234b100a484b420af85deb39ea35a1cc1be84ff53a5c \
    --hash=sha256:5e721fed53187e71d0ccf382b6bf977644c533e506c4d33c3fb24de89f5c3ed5 \
    --hash=sha256:6487aa99c2a3d509a5227d9a5e889ff05830a06b2ce08ec30df6d79db5fcd5c5 \
    --hash=sha256:6ac6310fdbfb7aa6612408bd2f07295bcbd3fda00d2d702178434751fe48e019 \
    --hash=sha256:6cfd56fc1a8e53f6e89ba3a7a7251f7396412d655bca2aa5611c8ec9a6784a1e \
    --hash=sha256:6db907c7368e3092e24919b5e31c76998b0ce1684d51a90943cb0ed1b4ffd6c1 \
    --hash=sha256:721d6b4ef5dc82ca8968c25b111e307083d7ca9091bc38163fb89243e85e3889 \
    --hash=sha256:76ad1fb5f8752eabf0fa02e4cc0336b4e8f021e2d5f061ed37d6d264db35e3ca \
    --hash=sha256:79167bba085c31f38603e11a267d862957cbb3ce018d8b38f79ac043bc92d825 \
    --hash=sha256:795c46999bae845966368a3c013e0e00947932d68e235702b5c3f6ea799aa8c9 \
    --hash=sha256:7e11270a000969409d37ed399585ee530b9ef6aa99d50c019de4cb01e8e54e62 \
    --hash=sha256:8c9ed3ba2c8a2ce098163a9bdb26f891746d02136995df25227a20e71c396ebb \
    --hash=sha256:993439ce220d25e3696d1b23b233dd010169b62f6456488567e830654ee37a6b \
    --hash=sha256:9d61e97b186a57350f6d6fd72640f9e99d5a4a2b8fbf4b9ee9a841eab327dc13 \
    --hash=sha256:9db984639887e3dffb3928d118145ffe40eff2fa40cb241a306ec57c219ebbbb \
    --hash=sha256:9e2abc762b0811e09a0d3258abee2d98e0c703eee49464ce0069590846f31d40 \
    --hash=sha256:a345928c86d535060c9c2b25e71e87c39ab2f22fc96e9636bd74d1dbf9de448c \
    --hash=sha256:ad3432cb0f9ed87477a8d97f03b763fd1d57709f1bbde3c9369b1dff5503b253 \
    --hash=sha256:ae48a786a28412d744c62fd7816a4118ef97e5be0bee968ce8f0a2fba7acf3bb \
    --hash=sha256:aef683a9ae6eb00728a542b796f52a5477b78252edede72b8327a886ab63293f \
    --hash=sha256:b90ab29d0c37ec9bf55424c064312930ca5f4bde15ee8619ee44e69319aab163 \
    --hash=sha256:c05045d8b9bfd807ee1b9f38761993297b10b245f012b11b13b91ba8945f7e45 \
    --hash=sha256:c9deabd6d547aee2c9a81dee6cc96c6d7e9a9b1953f74850c179f91fdc729cb7 \
    --hash=sha256:dde4fc32993071ac0c7dd2d82569e544f0bdaff66269cb475e0f369adad13f11 \
    --hash=sha256:eae3cf522bc7df64b42cad3925c876e1b0b6c35c1337c93e12c0f366f55b0eaf \
    --hash=sha256:ed7284b21a7a0c8f1b6e5977ac05396c0d008b89e05498c8b7e8f4a1423bba0e \
    --hash=sha256:f77f853d584e72e874d87357ad70f44b437331507d1c311457bed8ed2b956126
    # via
    #   -r requirements-gpu.txt
    #   dtcwt
six==1.17.0 \
    --hash=sha256:4721f391ed90541fddacab5acf947aa0d3dc7d27b2e1e8eda2be8970586c3274 \
    --hash=sha256:ff70335d468e7eb6ec65b95b99d3a2836546063f63acc5171de367e834932a81
    # via
    #   -r requirements-gpu.txt
    #   dtcwt
tomli==2.4.1 \
    --hash=sha256:01f520d4f53ef97964a240a035ec2a869fe1a37dde002b57ebc4417a27ccd853 \
    --hash=sha256:0d85819802132122da43cb86656f8d1f8c6587d54ae7dcaf30e90533028b49fe \
    --hash=sha256:136443dbd7e1dee43c68ac2694fde36b2849865fa258d39bf822c10e8068eac5 \
    --hash=sha256:1d8591993e228b0c930c4bb0db464bdad97b3289fb981255d6c9a41aedc84b2d \
    --hash=sha256:2190f2e9dd7508d2a90ded5ed369255980a1bcdd58e52f7fe24b8162bf9fedbd \
    --hash=sha256:2c1c351919aca02858f740c6d33adea0c5deea37f9ecca1cc1ef9e884a619d26 \
    --hash=sha256:36d2bd2ad5fb9eaddba5226aa02c8ec3fa4f192631e347b3ed28186d43be6b54 \
    --hash=sha256:3d48a93ee1c9b79c04bb38772ee1b64dcf18ff43085896ea460ca8dec96f35f6 \
    --hash=sha256:47149d5bd38761ac8be13a84864bf0b7b70bc051806bc3669ab1cbc56216b23c \
    --hash=sha256:4ab97e64ccda8756376892c53a72bd1f964e519c77236368527f758fbc36a53a \
    --hash=sha256:4b605484e43cdc43f0954ddae319fb75f04cc10dd80d830540060ee7cd0243cd \
    --hash=sha256:504aa796fe0569bb43171066009ead363de03675276d2d121ac1a4572397870f \
    --hash=sha256:51529d40e3ca50046d7606fa99ce3956a617f9b36380da3b7f0dd3dd28e68cb5 \
    --hash=sha256:52c8ef851d9a240f11a88c003eacb03c31fc1c9c4ec64a99a0f922b93874fda9 \
    --hash=sha256:559db847dc486944896521f68d8190be1c9e719fced785720d2216fe7022b662 \
    --hash=sha256:5a881ab208c0baf688221f8cecc5401bd291d67e38a1ac884d6736cbcd8247e9 \
    --hash=sha256:5cb41aa38891e073ee49d55fbc7839cfdb2bc0e600add13874d048c94aadddd1 \
    --hash=sha256:5e262d41726bc187e69af7825504c933b6794dc3fbd5945e41a79bb14c31f585 \
    --hash=sha256:5ee18d9ebdb417e384b58fe414e8d6af9f4e7a0ae761519fb50f721de398dd4e \
    --hash=sha256:7008df2e7655c495dd12d2a4ad038ff878d4ca4b81fccaf82b714e07eae4402c \
    --hash=sha256:734e20b57ba95624ecf1841e72b53f6e186355e216e5412de414e3c51e5e3c41 \
    --hash=sha256:7c7e1a961a0b2f2472c1ac5b69affa0ae1132c39adcb67aba98568702b9cc23f \
    --hash=sha256:7f86fd587c4ed9dd76f318225e7d9b29cfc5a9d43de44e5754db8d1128487085 \
    --hash=sha256:7f94b27a62cfad8496c8d2513e1a222dd446f095fca8987fceef261225538a15 \
    --hash=sha256:88dceee75c2c63af144e456745e10101eb67361050196b0b6af5d717254dddf7 \
    --hash=sha256:8a650c2dbafa08d42e51ba0b62740dae4ecb9338eefa093aa5c78ceb546fcd5c \
    --hash=sha256:8d65a2fbf9d2f8352685bc1364177ee3923d6baf5e7f43ea4959d7d8bc326a36 \
    --hash=sha256:96481a5786729fd470164b47cdb3e0e58062a496f455ee41b4403be77cb5a076 \
    --hash=sha256:a120733b01c45e9a0c34aeef92bf0cf1d56cfe81ed9d47d562f9ed591a9828ac \
    --hash=sha256:b1d22e6e9387bf4739fbe23bfa80e93f6b0373a7f1b96c6227c32bef95a4d7a8 \
    --hash=sha256:b8c198f8c1805dc42708689ed6864951fd2494f924149d3e4bce7710f8eb5232 \
    --hash=sha256:c2541745709bad0264b7d4705ad453b76ccd191e64aa6f0fc66b69a293a45ece \
    --hash=sha256:c742f741d58a28940ce01d58f0ab2ea3ced8b12402f162f4d534dfe18ba1cd6a \
    --hash=sha256:c7f2c7f2b9ca6bdeef8f0fa897f8e05085923eb091721675170254cbc5b02897 \
    --hash=sha256:d312ef37c91508b0ab2cee7da26ec0b3ed2f03ce12bd87a588d771ae15dcf82d \
    --hash=sha256:d4d8fe59808a54658fcc0160ecfb1b30f9089906c50b23bcb4c69eddc19ec2b4 \
    --hash=sha256:da25dc3563bff5965356133435b757a795a17b17d01dbc0f42fb32447ddfd917 \
    --hash=sha256:eab21f45c7f66c13f2a9e0e1535309cee140182a9cdae1e041d02e47291e8396 \
    --hash=sha256:eb0dc4e38e6a1fd579e5d50369aa2e10acfc9cace504579b2faabb478e76941a \
    --hash=sha256:ec9bfaf3ad2df51ace80688143a6a4ebc09a248f6ff781a9945e51937008fcbc \
    --hash=sha256:ede3e6487c5ef5d28634ba3f31f989030ad6af71edfb0055cbbd14189ff240ba \
    --hash=sha256:f3c6818a1a86dd6dca7ddcaaf76947d5ba31aecc28cb1b67009a5877c9a64f3f \
    --hash=sha256:f758f1b9299d059cc3f6546ae2af89670cb1c4d48ea29c3cacc4fe7de3058257 \
    --hash=sha256:f8f0fc26ec2cc2b965b7a3b87cd19c5c6b8c5e5f436b984e85f486d652285c30 \
    --hash=sha256:fd0409a3653af6c147209d267a0e4243f0ae46b011aa978b1080359fddc9b6cf \
    --hash=sha256:ff18e6a727ee0ab0388507b89d1bc6a22b138d1e2fa56d1ad494586d61d2eae9 \
    --hash=sha256:ff2983983d34813c1aeb0fa89091e76c3a22889ee83ab27c5eeb45100560c049
    # via pytest
typing-extensions==4.16.0 \
    --hash=sha256:481caa481374e813c1b176ada14e97f1f67a4539ce9cfeb3f350d78d6370c2e8 \
    --hash=sha256:dc983d19a509c94dba722ee6abd33940f7c05a89e243c47e907eb4db6f1a43e5
    # via exceptiongroup
